
Microsoft Visual Studio Solution File, Format Version 12.00
# Visual Studio 2013
VisualStudioVersion = 12.0.21005.1
MinimumVisualStudioVersion = 10.0.40219.1
Project("{FAE04EC0-301F-11D3-BF4B-00C04F79EFBC}") = "OdeToFood", "OdeToFood\OdeToFood.csproj", "{46E75E10-B95D-4E09-B52E-02FE3E881874}"
EndProject
Project("{FAE04EC0-301F-11D3-BF4B-00C04F79EFBC}") = "OdeToFood.Tests", "OdeToFood.Tests\OdeToFood.Tests.csproj", "{4DE81A23-FB48-415B-8169-82F5F09926B8}"
EndProject
Global
	GlobalSection(SolutionConfigurationPlatforms) = preSolution
		Debug|Any CPU = Debug|Any CPU
		Release|Any CPU = Release|Any CPU
	EndGlobalSection
	GlobalSection(ProjectConfigurationPlatforms) = postSolution
		{46E75E10-B95D-4E09-B52E-02FE3E881874}.Debug|Any CPU.ActiveCfg = Debug|Any CPU
		{46E75E10-B95D-4E09-B52E-02FE3E881874}.Debug|Any CPU.Build.0 = Debug|Any CPU
		{46E75E10-B95D-4E09-B52E-02FE3E881874}.Release|Any CPU.ActiveCfg = Release|Any CPU
		{46E75E10-B95D-4E09-B52E-02FE3E881874}.Release|Any CPU.Build.0 = Release|Any CPU
		{4DE81A23-FB48-415B-8169-82F5F09926B8}.Debug|Any CPU.ActiveCfg = Debug|Any CPU
		{4DE81A23-FB48-415B-8169-82F5F09926B8}.Debug|Any CPU.Build.0 = Debug|Any CPU
		{4DE81A23-FB48-415B-8169-82F5F09926B8}.Release|Any CPU.ActiveCfg = Release|Any CPU
		{4DE81A23-FB48-415B-8169-82F5F09926B8}.Release|Any CPU.Build.0 = Release|Any CPU
	EndGlobalSection
	GlobalSection(SolutionProperties) = preSolution
		HideSolutionNode = FALSE
	EndGlobalSection
EndGlobal
